
Microsoft Visual Studio Solution File, Format Version 12.00
# Visual Studio Version 16
VisualStudioVersion = 16.0.30204.135
MinimumVisualStudioVersion = 10.0.40219.1
Project("{FAE04EC0-301F-11D3-BF4B-00C04F79EFBC}") = "DS1_4", "DS1_4\DS1_4.csproj", "{46B2CE48-15B1-4B08-AC0B-34A1A40689BA}"
EndProject
Global
	GlobalSection(SolutionConfigurationPlatforms) = preSolution
		Debug|Any CPU = Debug|Any CPU
		Release|Any CPU = Release|Any CPU
	EndGlobalSection
	GlobalSection(ProjectConfigurationPlatforms) = postSolution
		{46B2CE48-15B1-4B08-AC0B-34A1A40689BA}.Debug|Any CPU.ActiveCfg = Debug|Any CPU
		{46B2CE48-15B1-4B08-AC0B-34A1A40689BA}.Debug|Any CPU.Build.0 = Debug|Any CPU
		{46B2CE48-15B1-4B08-AC0B-34A1A40689BA}.Release|Any CPU.ActiveCfg = Release|Any CPU
		{46B2CE48-15B1-4B08-AC0B-34A1A40689BA}.Release|Any CPU.Build.0 = Release|Any CPU
	EndGlobalSection
	GlobalSection(SolutionProperties) = preSolution
		HideSolutionNode = FALSE
	EndGlobalSection
	GlobalSection(ExtensibilityGlobals) = postSolution
		SolutionGuid = {2857B0FA-5C4C-4B49-83B7-59E0568E8D31}
	EndGlobalSection
EndGlobal
