
Microsoft Visual Studio Solution File, Format Version 12.00
# Visual Studio Version 16
VisualStudioVersion = 16.0.30204.135
MinimumVisualStudioVersion = 10.0.40219.1
Project("{FAE04EC0-301F-11D3-BF4B-00C04F79EFBC}") = "D1_3", "D1_3\D1_3.csproj", "{E97EE390-C337-4F37-8C04-5D643F7CA96D}"
EndProject
Global
	GlobalSection(SolutionConfigurationPlatforms) = preSolution
		Debug|Any CPU = Debug|Any CPU
		Release|Any CPU = Release|Any CPU
	EndGlobalSection
	GlobalSection(ProjectConfigurationPlatforms) = postSolution
		{E97EE390-C337-4F37-8C04-5D643F7CA96D}.Debug|Any CPU.ActiveCfg = Debug|Any CPU
		{E97EE390-C337-4F37-8C04-5D643F7CA96D}.Debug|Any CPU.Build.0 = Debug|Any CPU
		{E97EE390-C337-4F37-8C04-5D643F7CA96D}.Release|Any CPU.ActiveCfg = Release|Any CPU
		{E97EE390-C337-4F37-8C04-5D643F7CA96D}.Release|Any CPU.Build.0 = Release|Any CPU
	EndGlobalSection
	GlobalSection(SolutionProperties) = preSolution
		HideSolutionNode = FALSE
	EndGlobalSection
	GlobalSection(ExtensibilityGlobals) = postSolution
		SolutionGuid = {F194A9BE-E89D-4775-B021-2B45D99ABD65}
	EndGlobalSection
EndGlobal
